
Microsoft Visual Studio Solution File, Format Version 12.00
Project("{FAE04EC0-301F-11D3-BF4B-00C04F79EFBC}") = "Lista10", "Lista10\Lista10.csproj", "{0067127C-9E04-4C4C-9442-94BD85FB537A}"
EndProject
Global
	GlobalSection(SolutionConfigurationPlatforms) = preSolution
		Debug|Any CPU = Debug|Any CPU
		Release|Any CPU = Release|Any CPU
	EndGlobalSection
	GlobalSection(ProjectConfigurationPlatforms) = postSolution
		{0067127C-9E04-4C4C-9442-94BD85FB537A}.Debug|Any CPU.ActiveCfg = Debug|Any CPU
		{0067127C-9E04-4C4C-9442-94BD85FB537A}.Debug|Any CPU.Build.0 = Debug|Any CPU
		{0067127C-9E04-4C4C-9442-94BD85FB537A}.Release|Any CPU.ActiveCfg = Release|Any CPU
		{0067127C-9E04-4C4C-9442-94BD85FB537A}.Release|Any CPU.Build.0 = Release|Any CPU
	EndGlobalSection
EndGlobal
